// !$*UTF8*$!
{
	archiveVersion = 1;
	classes = {
	};
	objectVersion = 46;
	objects = {

/* Begin PBXBuildFile section */
		65AC80AE1C925B29009475B7 /* colorList.plist in Resources */ = {isa = PBXBuildFile; fileRef = 65AC80AD1C925B29009475B7 /* colorList.plist */; };
		65AC80B21C925B54009475B7 /* ColorPickerViewController.swift in Sources */ = {isa = PBXBuildFile; fileRef = 65AC80B11C925B54009475B7 /* ColorPickerViewController.swift */; };
		65AC81131CAC0687009475B7 /* Images.xcassets in Resources */ = {isa = PBXBuildFile; fileRef = 65AC81121CAC0687009475B7 /* Images.xcassets */; };
		65ACA2FE1C8BFB5400FF72CE /* AppDelegate.swift in Sources */ = {isa = PBXBuildFile; fileRef = 65ACA2FD1C8BFB5400FF72CE /* AppDelegate.swift */; };
		65ACA3001C8BFB5400FF72CE /* ViewController.swift in Sources */ = {isa = PBXBuildFile; fileRef = 65ACA2FF1C8BFB5400FF72CE /* ViewController.swift */; };
		65ACA3061C8BFB5400FF72CE /* Paint.xcdatamodeld in Sources */ = {isa = PBXBuildFile; fileRef = 65ACA3041C8BFB5400FF72CE /* Paint.xcdatamodeld */; };
		65ACA3081C8BFB5400FF72CE /* Assets.xcassets in Resources */ = {isa = PBXBuildFile; fileRef = 65ACA3071C8BFB5400FF72CE /* Assets.xcassets */; };
		65ACA30B1C8BFB5400FF72CE /* LaunchScreen.storyboard in Resources */ = {isa = PBXBuildFile; fileRef = 65ACA3091C8BFB5400FF72CE /* LaunchScreen.storyboard */; };
		65ACA3161C8BFB5400FF72CE /* PaintTests.swift in Sources */ = {isa = PBXBuildFile; fileRef = 65ACA3151C8BFB5400FF72CE /* PaintTests.swift */; };
		65ACA3211C8BFB5400FF72CE /* PaintUITests.swift in Sources */ = {isa = PBXBuildFile; fileRef = 65ACA3201C8BFB5400FF72CE /* PaintUITests.swift */; };
		65ACA32F1C8C071400FF72CE /* Board.swift in Sources */ = {isa = PBXBuildFile; fileRef = 65ACA32E1C8C071400FF72CE /* Board.swift */; };
		65ACA3321C8C0C9A00FF72CE /* Tools.swift in Sources */ = {isa = PBXBuildFile; fileRef = 65ACA3311C8C0C9A00FF72CE /* Tools.swift */; };
		65ACA3341C8C0F8F00FF72CE /* Brush.swift in Sources */ = {isa = PBXBuildFile; fileRef = 65ACA3331C8C0F8F00FF72CE /* Brush.swift */; };
		65ACA3361C8C1D3900FF72CE /* Main.storyboard in Resources */ = {isa = PBXBuildFile; fileRef = 65ACA3351C8C1D3900FF72CE /* Main.storyboard */; };
		65ACA3381C8C203A00FF72CE /* Eraser.swift in Sources */ = {isa = PBXBuildFile; fileRef = 65ACA3371C8C203A00FF72CE /* Eraser.swift */; };
		65ACA33A1C8C394100FF72CE /* StraightLine.swift in Sources */ = {isa = PBXBuildFile; fileRef = 65ACA3391C8C394100FF72CE /* StraightLine.swift */; };
		65ACA33C1C8C395800FF72CE /* DushLine.swift in Sources */ = {isa = PBXBuildFile; fileRef = 65ACA33B1C8C395800FF72CE /* DushLine.swift */; };
		65ACA33E1C8C398700FF72CE /* Rectangle.swift in Sources */ = {isa = PBXBuildFile; fileRef = 65ACA33D1C8C398700FF72CE /* Rectangle.swift */; };
		65ACA3411C8C427200FF72CE /* Circle.swift in Sources */ = {isa = PBXBuildFile; fileRef = 65ACA3401C8C427200FF72CE /* Circle.swift */; };
/* End PBXBuildFile section */

/* Begin PBXContainerItemProxy section */
		65ACA3121C8BFB5400FF72CE /* PBXContainerItemProxy */ = {
			isa = PBXContainerItemProxy;
			containerPortal = 65ACA2F21C8BFB5400FF72CE /* Project object */;
			proxyType = 1;
			remoteGlobalIDString = 65ACA2F91C8BFB5400FF72CE;
			remoteInfo = Paint;
		};
		65ACA31D1C8BFB5400FF72CE /* PBXContainerItemProxy */ = {
			isa = PBXContainerItemProxy;
			containerPortal = 65ACA2F21C8BFB5400FF72CE /* Project object */;
			proxyType = 1;
			remoteGlobalIDString = 65ACA2F91C8BFB5400FF72CE;
			remoteInfo = Paint;
		};
/* End PBXContainerItemProxy section */

/* Begin PBXFileReference section */
		65AC80AD1C925B29009475B7 /* colorList.plist */ = {isa = PBXFileReference; fileEncoding = 4; lastKnownFileType = text.plist.xml; path = colorList.plist; sourceTree = "<group>"; };
		65AC80B11C925B54009475B7 /* ColorPickerViewController.swift */ = {isa = PBXFileReference; fileEncoding = 4; lastKnownFileType = sourcecode.swift; path = ColorPickerViewController.swift; sourceTree = "<group>"; };
		65AC81121CAC0687009475B7 /* Images.xcassets */ = {isa = PBXFileReference; lastKnownFileType = folder.assetcatalog; path = Images.xcassets; sourceTree = "<group>"; };
		65ACA2FA1C8BFB5400FF72CE /* Paint.app */ = {isa = PBXFileReference; explicitFileType = wrapper.application; includeInIndex = 0; path = Paint.app; sourceTree = BUILT_PRODUCTS_DIR; };
		65ACA2FD1C8BFB5400FF72CE /* AppDelegate.swift */ = {isa = PBXFileReference; lastKnownFileType = sourcecode.swift; path = AppDelegate.swift; sourceTree = "<group>"; };
		65ACA2FF1C8BFB5400FF72CE /* ViewController.swift */ = {isa = PBXFileReference; lastKnownFileType = sourcecode.swift; path = ViewController.swift; sourceTree = "<group>"; };
		65ACA3051C8BFB5400FF72CE /* Paint.xcdatamodel */ = {isa = PBXFileReference; lastKnownFileType = wrapper.xcdatamodel; path = Paint.xcdatamodel; sourceTree = "<group>"; };
		65ACA3071C8BFB5400FF72CE /* Assets.xcassets */ = {isa = PBXFileReference; lastKnownFileType = folder.assetcatalog; path = Assets.xcassets; sourceTree = "<group>"; };
		65ACA30A1C8BFB5400FF72CE /* Base */ = {isa = PBXFileReference; lastKnownFileType = file.storyboard; name = Base; path = Base.lproj/LaunchScreen.storyboard; sourceTree = "<group>"; };
		65ACA30C1C8BFB5400FF72CE /* Info.plist */ = {isa = PBXFileReference; lastKnownFileType = text.plist.xml; path = Info.plist; sourceTree = "<group>"; };
		65ACA3111C8BFB5400FF72CE /* PaintTests.xctest */ = {isa = PBXFileReference; explicitFileType = wrapper.cfbundle; includeInIndex = 0; path = PaintTests.xctest; sourceTree = BUILT_PRODUCTS_DIR; };
		65ACA3151C8BFB5400FF72CE /* PaintTests.swift */ = {isa = PBXFileReference; lastKnownFileType = sourcecode.swift; path = PaintTests.swift; sourceTree = "<group>"; };
		65ACA3171C8BFB5400FF72CE /* Info.plist */ = {isa = PBXFileReference; lastKnownFileType = text.plist.xml; path = Info.plist; sourceTree = "<group>"; };
		65ACA31C1C8BFB5400FF72CE /* PaintUITests.xctest */ = {isa = PBXFileReference; explicitFileType = wrapper.cfbundle; includeInIndex = 0; path = PaintUITests.xctest; sourceTree = BUILT_PRODUCTS_DIR; };
		65ACA3201C8BFB5400FF72CE /* PaintUITests.swift */ = {isa = PBXFileReference; lastKnownFileType = sourcecode.swift; path = PaintUITests.swift; sourceTree = "<group>"; };
		65ACA3221C8BFB5400FF72CE /* Info.plist */ = {isa = PBXFileReference; lastKnownFileType = text.plist.xml; path = Info.plist; sourceTree = "<group>"; };
		65ACA32E1C8C071400FF72CE /* Board.swift */ = {isa = PBXFileReference; fileEncoding = 4; lastKnownFileType = sourcecode.swift; path = Board.swift; sourceTree = "<group>"; };
		65ACA3311C8C0C9A00FF72CE /* Tools.swift */ = {isa = PBXFileReference; fileEncoding = 4; lastKnownFileType = sourcecode.swift; path = Tools.swift; sourceTree = "<group>"; };
		65ACA3331C8C0F8F00FF72CE /* Brush.swift */ = {isa = PBXFileReference; fileEncoding = 4; lastKnownFileType = sourcecode.swift; path = Brush.swift; sourceTree = "<group>"; };
		65ACA3351C8C1D3900FF72CE /* Main.storyboard */ = {isa = PBXFileReference; fileEncoding = 4; lastKnownFileType = file.storyboard; path = Main.storyboard; sourceTree = "<group>"; };
		65ACA3371C8C203A00FF72CE /* Eraser.swift */ = {isa = PBXFileReference; fileEncoding = 4; lastKnownFileType = sourcecode.swift; path = Eraser.swift; sourceTree = "<group>"; };
		65ACA3391C8C394100FF72CE /* StraightLine.swift */ = {isa = PBXFileReference; fileEncoding = 4; lastKnownFileType = sourcecode.swift; path = StraightLine.swift; sourceTree = "<group>"; };
		65ACA33B1C8C395800FF72CE /* DushLine.swift */ = {isa = PBXFileReference; fileEncoding = 4; lastKnownFileType = sourcecode.swift; path = DushLine.swift; sourceTree = "<group>"; };
		65ACA33D1C8C398700FF72CE /* Rectangle.swift */ = {isa = PBXFileReference; fileEncoding = 4; lastKnownFileType = sourcecode.swift; path = Rectangle.swift; sourceTree = "<group>"; };
		65ACA3401C8C427200FF72CE /* Circle.swift */ = {isa = PBXFileReference; fileEncoding = 4; lastKnownFileType = sourcecode.swift; path = Circle.swift; sourceTree = "<group>"; };
/* End PBXFileReference section */

/* Begin PBXFrameworksBuildPhase section */
		65ACA2F71C8BFB5400FF72CE /* Frameworks */ = {
			isa = PBXFrameworksBuildPhase;
			buildActionMask = 2147483647;
			files = (
			);
			runOnlyForDeploymentPostprocessing = 0;
		};
		65ACA30E1C8BFB5400FF72CE /* Frameworks */ = {
			isa = PBXFrameworksBuildPhase;
			buildActionMask = 2147483647;
			files = (
			);
			runOnlyForDeploymentPostprocessing = 0;
		};
		65ACA3191C8BFB5400FF72CE /* Frameworks */ = {
			isa = PBXFrameworksBuildPhase;
			buildActionMask = 2147483647;
			files = (
			);
			runOnlyForDeploymentPostprocessing = 0;
		};
/* End PBXFrameworksBuildPhase section */

/* Begin PBXGroup section */
		65ACA2F11C8BFB5400FF72CE = {
			isa = PBXGroup;
			children = (
				65ACA2FC1C8BFB5400FF72CE /* Paint */,
				65ACA3141C8BFB5400FF72CE /* PaintTests */,
				65ACA31F1C8BFB5400FF72CE /* PaintUITests */,
				65ACA2FB1C8BFB5400FF72CE /* Products */,
			);
			sourceTree = "<group>";
		};
		65ACA2FB1C8BFB5400FF72CE /* Products */ = {
			isa = PBXGroup;
			children = (
				65ACA2FA1C8BFB5400FF72CE /* Paint.app */,
				65ACA3111C8BFB5400FF72CE /* PaintTests.xctest */,
				65ACA31C1C8BFB5400FF72CE /* PaintUITests.xctest */,
			);
			name = Products;
			sourceTree = "<group>";
		};
		65ACA2FC1C8BFB5400FF72CE /* Paint */ = {
			isa = PBXGroup;
			children = (
				65ACA33F1C8C3C8500FF72CE /* Tools */,
				65ACA32E1C8C071400FF72CE /* Board.swift */,
				65AC81121CAC0687009475B7 /* Images.xcassets */,
				65ACA2FD1C8BFB5400FF72CE /* AppDelegate.swift */,
				65ACA2FF1C8BFB5400FF72CE /* ViewController.swift */,
				65AC80B11C925B54009475B7 /* ColorPickerViewController.swift */,
				65ACA3351C8C1D3900FF72CE /* Main.storyboard */,
				65ACA3071C8BFB5400FF72CE /* Assets.xcassets */,
				65ACA3091C8BFB5400FF72CE /* LaunchScreen.storyboard */,
				65AC80AD1C925B29009475B7 /* colorList.plist */,
				65ACA30C1C8BFB5400FF72CE /* Info.plist */,
				65ACA3041C8BFB5400FF72CE /* Paint.xcdatamodeld */,
			);
			path = Paint;
			sourceTree = "<group>";
		};
		65ACA3141C8BFB5400FF72CE /* PaintTests */ = {
			isa = PBXGroup;
			children = (
				65ACA3151C8BFB5400FF72CE /* PaintTests.swift */,
				65ACA3171C8BFB5400FF72CE /* Info.plist */,
			);
			path = PaintTests;
			sourceTree = "<group>";
		};
		65ACA31F1C8BFB5400FF72CE /* PaintUITests */ = {
			isa = PBXGroup;
			children = (
				65ACA3201C8BFB5400FF72CE /* PaintUITests.swift */,
				65ACA3221C8BFB5400FF72CE /* Info.plist */,
			);
			path = PaintUITests;
			sourceTree = "<group>";
		};
		65ACA33F1C8C3C8500FF72CE /* Tools */ = {
			isa = PBXGroup;
			children = (
				65ACA3401C8C427200FF72CE /* Circle.swift */,
				65ACA33D1C8C398700FF72CE /* Rectangle.swift */,
				65ACA3391C8C394100FF72CE /* StraightLine.swift */,
				65ACA3371C8C203A00FF72CE /* Eraser.swift */,
				65ACA3331C8C0F8F00FF72CE /* Brush.swift */,
				65ACA33B1C8C395800FF72CE /* DushLine.swift */,
				65ACA3311C8C0C9A00FF72CE /* Tools.swift */,
			);
			name = Tools;
			sourceTree = "<group>";
		};
/* End PBXGroup section */

/* Begin PBXNativeTarget section */
		65ACA2F91C8BFB5400FF72CE /* Paint */ = {
			isa = PBXNativeTarget;
			buildConfigurationList = 65ACA3251C8BFB5400FF72CE /* Build configuration list for PBXNativeTarget "Paint" */;
			buildPhases = (
				65ACA2F61C8BFB5400FF72CE /* Sources */,
				65ACA2F71C8BFB5400FF72CE /* Frameworks */,
				65ACA2F81C8BFB5400FF72CE /* Resources */,
			);
			buildRules = (
			);
			dependencies = (
			);
			name = Paint;
			productName = Paint;
			productReference = 65ACA2FA1C8BFB5400FF72CE /* Paint.app */;
			productType = "com.apple.product-type.application";
		};
		65ACA3101C8BFB5400FF72CE /* PaintTests */ = {
			isa = PBXNativeTarget;
			buildConfigurationList = 65ACA3281C8BFB5400FF72CE /* Build configuration list for PBXNativeTarget "PaintTests" */;
			buildPhases = (
				65ACA30D1C8BFB5400FF72CE /* Sources */,
				65ACA30E1C8BFB5400FF72CE /* Frameworks */,
				65ACA30F1C8BFB5400FF72CE /* Resources */,
			);
			buildRules = (
			);
			dependencies = (
				65ACA3131C8BFB5400FF72CE /* PBXTargetDependency */,
			);
			name = PaintTests;
			productName = PaintTests;
			productReference = 65ACA3111C8BFB5400FF72CE /* PaintTests.xctest */;
			productType = "com.apple.product-type.bundle.unit-test";
		};
		65ACA31B1C8BFB5400FF72CE /* PaintUITests */ = {
			isa = PBXNativeTarget;
			buildConfigurationList = 65ACA32B1C8BFB5400FF72CE /* Build configuration list for PBXNativeTarget "PaintUITests" */;
			buildPhases = (
				65ACA3181C8BFB5400FF72CE /* Sources */,
				65ACA3191C8BFB5400FF72CE /* Frameworks */,
				65ACA31A1C8BFB5400FF72CE /* Resources */,
			);
			buildRules = (
			);
			dependencies = (
				65ACA31E1C8BFB5400FF72CE /* PBXTargetDependency */,
			);
			name = PaintUITests;
			productName = PaintUITests;
			productReference = 65ACA31C1C8BFB5400FF72CE /* PaintUITests.xctest */;
			productType = "com.apple.product-type.bundle.ui-testing";
		};
/* End PBXNativeTarget section */

/* Begin PBXProject section */
		65ACA2F21C8BFB5400FF72CE /* Project object */ = {
			isa = PBXProject;
			attributes = {
				LastSwiftUpdateCheck = 0720;
				LastUpgradeCheck = 0720;
				ORGANIZATIONNAME = "Sun Huanji";
				TargetAttributes = {
					65ACA2F91C8BFB5400FF72CE = {
						CreatedOnToolsVersion = 7.2.1;
					};
					65ACA3101C8BFB5400FF72CE = {
						CreatedOnToolsVersion = 7.2.1;
						TestTargetID = 65ACA2F91C8BFB5400FF72CE;
					};
					65ACA31B1C8BFB5400FF72CE = {
						CreatedOnToolsVersion = 7.2.1;
						TestTargetID = 65ACA2F91C8BFB5400FF72CE;
					};
				};
			};
			buildConfigurationList = 65ACA2F51C8BFB5400FF72CE /* Build configuration list for PBXProject "Paint" */;
			compatibilityVersion = "Xcode 3.2";
			developmentRegion = English;
			hasScannedForEncodings = 0;
			knownRegions = (
				en,
				Base,
			);
			mainGroup = 65ACA2F11C8BFB5400FF72CE;
			productRefGroup = 65ACA2FB1C8BFB5400FF72CE /* Products */;
			projectDirPath = "";
			projectRoot = "";
			targets = (
				65ACA2F91C8BFB5400FF72CE /* Paint */,
				65ACA3101C8BFB5400FF72CE /* PaintTests */,
				65ACA31B1C8BFB5400FF72CE /* PaintUITests */,
			);
		};
/* End PBXProject section */

/* Begin PBXResourcesBuildPhase section */
		65ACA2F81C8BFB5400FF72CE /* Resources */ = {
			isa = PBXResourcesBuildPhase;
			buildActionMask = 2147483647;
			files = (
				65AC80AE1C925B29009475B7 /* colorList.plist in Resources */,
				65AC81131CAC0687009475B7 /* Images.xcassets in Resources */,
				65ACA30B1C8BFB5400FF72CE /* LaunchScreen.storyboard in Resources */,
				65ACA3081C8BFB5400FF72CE /* Assets.xcassets in Resources */,
				65ACA3361C8C1D3900FF72CE /* Main.storyboard in Resources */,
			);
			runOnlyForDeploymentPostprocessing = 0;
		};
		65ACA30F1C8BFB5400FF72CE /* Resources */ = {
			isa = PBXResourcesBuildPhase;
			buildActionMask = 2147483647;
			files = (
			);
			runOnlyForDeploymentPostprocessing = 0;
		};
		65ACA31A1C8BFB5400FF72CE /* Resources */ = {
			isa = PBXResourcesBuildPhase;
			buildActionMask = 2147483647;
			files = (
			);
			runOnlyForDeploymentPostprocessing = 0;
		};
/* End PBXResourcesBuildPhase section */

/* Begin PBXSourcesBuildPhase section */
		65ACA2F61C8BFB5400FF72CE /* Sources */ = {
			isa = PBXSourcesBuildPhase;
			buildActionMask = 2147483647;
			files = (
				65AC80B21C925B54009475B7 /* ColorPickerViewController.swift in Sources */,
				65ACA3341C8C0F8F00FF72CE /* Brush.swift in Sources */,
				65ACA3381C8C203A00FF72CE /* Eraser.swift in Sources */,
				65ACA3061C8BFB5400FF72CE /* Paint.xcdatamodeld in Sources */,
				65ACA33C1C8C395800FF72CE /* DushLine.swift in Sources */,
				65ACA33A1C8C394100FF72CE /* StraightLine.swift in Sources */,
				65ACA33E1C8C398700FF72CE /* Rectangle.swift in Sources */,
				65ACA3411C8C427200FF72CE /* Circle.swift in Sources */,
				65ACA3001C8BFB5400FF72CE /* ViewController.swift in Sources */,
				65ACA32F1C8C071400FF72CE /* Board.swift in Sources */,
				65ACA2FE1C8BFB5400FF72CE /* AppDelegate.swift in Sources */,
				65ACA3321C8C0C9A00FF72CE /* Tools.swift in Sources */,
			);
			runOnlyForDeploymentPostprocessing = 0;
		};
		65ACA30D1C8BFB5400FF72CE /* Sources */ = {
			isa = PBXSourcesBuildPhase;
			buildActionMask = 2147483647;
			files = (
				65ACA3161C8BFB5400FF72CE /* PaintTests.swift in Sources */,
			);
			runOnlyForDeploymentPostprocessing = 0;
		};
		65ACA3181C8BFB5400FF72CE /* Sources */ = {
			isa = PBXSourcesBuildPhase;
			buildActionMask = 2147483647;
			files = (
				65ACA3211C8BFB5400FF72CE /* PaintUITests.swift in Sources */,
			);
			runOnlyForDeploymentPostprocessing = 0;
		};
/* End PBXSourcesBuildPhase section */

/* Begin PBXTargetDependency section */
		65ACA3131C8BFB5400FF72CE /* PBXTargetDependency */ = {
			isa = PBXTargetDependency;
			target = 65ACA2F91C8BFB5400FF72CE /* Paint */;
			targetProxy = 65ACA3121C8BFB5400FF72CE /* PBXContainerItemProxy */;
		};
		65ACA31E1C8BFB5400FF72CE /* PBXTargetDependency */ = {
			isa = PBXTargetDependency;
			target = 65ACA2F91C8BFB5400FF72CE /* Paint */;
			targetProxy = 65ACA31D1C8BFB5400FF72CE /* PBXContainerItemProxy */;
		};
/* End PBXTargetDependency section */

/* Begin PBXVariantGroup section */
		65ACA3091C8BFB5400FF72CE /* LaunchScreen.storyboard */ = {
			isa = PBXVariantGroup;
			children = (
				65ACA30A1C8BFB5400FF72CE /* Base */,
			);
			name = LaunchScreen.storyboard;
			sourceTree = "<group>";
		};
/* End PBXVariantGroup section */

/* Begin XCBuildConfiguration section */
		65ACA3231C8BFB5400FF72CE /* Debug */ = {
			isa = XCBuildConfiguration;
			buildSettings = {
				ALWAYS_SEARCH_USER_PATHS = NO;
				CLANG_CXX_LANGUAGE_STANDARD = "gnu++0x";
				CLANG_CXX_LIBRARY = "libc++";
				CLANG_ENABLE_MODULES = YES;
				CLANG_ENABLE_OBJC_ARC = YES;
				CLANG_WARN_BOOL_CONVERSION = YES;
				CLANG_WARN_CONSTANT_CONVERSION = YES;
				CLANG_WARN_DIRECT_OBJC_ISA_USAGE = YES_ERROR;
				CLANG_WARN_EMPTY_BODY = YES;
				CLANG_WARN_ENUM_CONVERSION = YES;
				CLANG_WARN_INT_CONVERSION = YES;
				CLANG_WARN_OBJC_ROOT_CLASS = YES_ERROR;
				CLANG_WARN_UNREACHABLE_CODE = YES;
				CLANG_WARN__DUPLICATE_METHOD_MATCH = YES;
				"CODE_SIGN_IDENTITY[sdk=iphoneos*]" = "iPhone Developer";
				COPY_PHASE_STRIP = NO;
				DEBUG_INFORMATION_FORMAT = dwarf;
				ENABLE_STRICT_OBJC_MSGSEND = YES;
				ENABLE_TESTABILITY = YES;
				GCC_C_LANGUAGE_STANDARD = gnu99;
				GCC_DYNAMIC_NO_PIC = NO;
				GCC_NO_COMMON_BLOCKS = YES;
				GCC_OPTIMIZATION_LEVEL = 0;
				GCC_PREPROCESSOR_DEFINITIONS = (
					"DEBUG=1",
					"$(inherited)",
				);
				GCC_WARN_64_TO_32_BIT_CONVERSION = YES;
				GCC_WARN_ABOUT_RETURN_TYPE = YES_ERROR;
				GCC_WARN_UNDECLARED_SELECTOR = YES;
				GCC_WARN_UNINITIALIZED_AUTOS = YES_AGGRESSIVE;
				GCC_WARN_UNUSED_FUNCTION = YES;
				GCC_WARN_UNUSED_VARIABLE = YES;
				IPHONEOS_DEPLOYMENT_TARGET = 9.2;
				MTL_ENABLE_DEBUG_INFO = YES;
				ONLY_ACTIVE_ARCH = YES;
				SDKROOT = iphoneos;
				SWIFT_OPTIMIZATION_LEVEL = "-Onone";
			};
			name = Debug;
		};
		65ACA3241C8BFB5400FF72CE /* Release */ = {
			isa = XCBuildConfiguration;
			buildSettings = {
				ALWAYS_SEARCH_USER_PATHS = NO;
				CLANG_CXX_LANGUAGE_STANDARD = "gnu++0x";
				CLANG_CXX_LIBRARY = "libc++";
				CLANG_ENABLE_MODULES = YES;
				CLANG_ENABLE_OBJC_ARC = YES;
				CLANG_WARN_BOOL_CONVERSION = YES;
				CLANG_WARN_CONSTANT_CONVERSION = YES;
				CLANG_WARN_DIRECT_OBJC_ISA_USAGE = YES_ERROR;
				CLANG_WARN_EMPTY_BODY = YES;
				CLANG_WARN_ENUM_CONVERSION = YES;
				CLANG_WARN_INT_CONVERSION = YES;
				CLANG_WARN_OBJC_ROOT_CLASS = YES_ERROR;
				CLANG_WARN_UNREACHABLE_CODE = YES;
				CLANG_WARN__DUPLICATE_METHOD_MATCH = YES;
				"CODE_SIGN_IDENTITY[sdk=iphoneos*]" = "iPhone Developer";
				COPY_PHASE_STRIP = NO;
				DEBUG_INFORMATION_FORMAT = "dwarf-with-dsym";
				ENABLE_NS_ASSERTIONS = NO;
				ENABLE_STRICT_OBJC_MSGSEND = YES;
				GCC_C_LANGUAGE_STANDARD = gnu99;
				GCC_NO_COMMON_BLOCKS = YES;
				GCC_WARN_64_TO_32_BIT_CONVERSION = YES;
				GCC_WARN_ABOUT_RETURN_TYPE = YES_ERROR;
				GCC_WARN_UNDECLARED_SELECTOR = YES;
				GCC_WARN_UNINITIALIZED_AUTOS = YES_AGGRESSIVE;
				GCC_WARN_UNUSED_FUNCTION = YES;
				GCC_WARN_UNUSED_VARIABLE = YES;
				IPHONEOS_DEPLOYMENT_TARGET = 9.2;
				MTL_ENABLE_DEBUG_INFO = NO;
				SDKROOT = iphoneos;
				VALIDATE_PRODUCT = YES;
			};
			name = Release;
		};
		65ACA3261C8BFB5400FF72CE /* Debug */ = {
			isa = XCBuildConfiguration;
			buildSettings = {
				INFOPLIST_FILE = Paint/Info.plist;
				LD_RUNPATH_SEARCH_PATHS = "$(inherited) @executable_path/Frameworks";
				PRODUCT_BUNDLE_IDENTIFIER = huanhuan.Paint;
				PRODUCT_NAME = "$(TARGET_NAME)";
			};
			name = Debug;
		};
		65ACA3271C8BFB5400FF72CE /* Release */ = {
			isa = XCBuildConfiguration;
			buildSettings = {
				INFOPLIST_FILE = Paint/Info.plist;
				LD_RUNPATH_SEARCH_PATHS = "$(inherited) @executable_path/Frameworks";
				PRODUCT_BUNDLE_IDENTIFIER = huanhuan.Paint;
				PRODUCT_NAME = "$(TARGET_NAME)";
			};
			name = Release;
		};
		65ACA3291C8BFB5400FF72CE /* Debug */ = {
			isa = XCBuildConfiguration;
			buildSettings = {
				BUNDLE_LOADER = "$(TEST_HOST)";
				INFOPLIST_FILE = PaintTests/Info.plist;
				LD_RUNPATH_SEARCH_PATHS = "$(inherited) @executable_path/Frameworks @loader_path/Frameworks";
				PRODUCT_BUNDLE_IDENTIFIER = huanhuan.PaintTests;
				PRODUCT_NAME = "$(TARGET_NAME)";
				TEST_HOST = "$(BUILT_PRODUCTS_DIR)/Paint.app/Paint";
			};
			name = Debug;
		};
		65ACA32A1C8BFB5400FF72CE /* Release */ = {
			isa = XCBuildConfiguration;
			buildSettings = {
				BUNDLE_LOADER = "$(TEST_HOST)";
				INFOPLIST_FILE = PaintTests/Info.plist;
				LD_RUNPATH_SEARCH_PATHS = "$(inherited) @executable_path/Frameworks @loader_path/Frameworks";
				PRODUCT_BUNDLE_IDENTIFIER = huanhuan.PaintTests;
				PRODUCT_NAME = "$(TARGET_NAME)";
				TEST_HOST = "$(BUILT_PRODUCTS_DIR)/Paint.app/Paint";
			};
			name = Release;
		};
		65ACA32C1C8BFB5400FF72CE /* Debug */ = {
			isa = XCBuildConfiguration;
			buildSettings = {
				INFOPLIST_FILE = PaintUITests/Info.plist;
				LD_RUNPATH_SEARCH_PATHS = "$(inherited) @executable_path/Frameworks @loader_path/Frameworks";
				PRODUCT_BUNDLE_IDENTIFIER = huanhuan.PaintUITests;
				PRODUCT_NAME = "$(TARGET_NAME)";
				TEST_TARGET_NAME = Paint;
				USES_XCTRUNNER = YES;
			};
			name = Debug;
		};
		65ACA32D1C8BFB5400FF72CE /* Release */ = {
			isa = XCBuildConfiguration;
			buildSettings = {
				INFOPLIST_FILE = PaintUITests/Info.plist;
				LD_RUNPATH_SEARCH_PATHS = "$(inherited) @executable_path/Frameworks @loader_path/Frameworks";
				PRODUCT_BUNDLE_IDENTIFIER = huanhuan.PaintUITests;
				PRODUCT_NAME = "$(TARGET_NAME)";
				TEST_TARGET_NAME = Paint;
				USES_XCTRUNNER = YES;
			};
			name = Release;
		};
/* End XCBuildConfiguration section */

/* Begin XCConfigurationList section */
		65ACA2F51C8BFB5400FF72CE /* Build configuration list for PBXProject "Paint" */ = {
			isa = XCConfigurationList;
			buildConfigurations = (
				65ACA3231C8BFB5400FF72CE /* Debug */,
				65ACA3241C8BFB5400FF72CE /* Release */,
			);
			defaultConfigurationIsVisible = 0;
			defaultConfigurationName = Release;
		};
		65ACA3251C8BFB5400FF72CE /* Build configuration list for PBXNativeTarget "Paint" */ = {
			isa = XCConfigurationList;
			buildConfigurations = (
				65ACA3261C8BFB5400FF72CE /* Debug */,
				65ACA3271C8BFB5400FF72CE /* Release */,
			);
			defaultConfigurationIsVisible = 0;
			defaultConfigurationName = Release;
		};
		65ACA3281C8BFB5400FF72CE /* Build configuration list for PBXNativeTarget "PaintTests" */ = {
			isa = XCConfigurationList;
			buildConfigurations = (
				65ACA3291C8BFB5400FF72CE /* Debug */,
				65ACA32A1C8BFB5400FF72CE /* Release */,
			);
			defaultConfigurationIsVisible = 0;
			defaultConfigurationName = Release;
		};
		65ACA32B1C8BFB5400FF72CE /* Build configuration list for PBXNativeTarget "PaintUITests" */ = {
			isa = XCConfigurationList;
			buildConfigurations = (
				65ACA32C1C8BFB5400FF72CE /* Debug */,
				65ACA32D1C8BFB5400FF72CE /* Release */,
			);
			defaultConfigurationIsVisible = 0;
			defaultConfigurationName = Release;
		};
/* End XCConfigurationList section */

/* Begin XCVersionGroup section */
		65ACA3041C8BFB5400FF72CE /* Paint.xcdatamodeld */ = {
			isa = XCVersionGroup;
			children = (
				65ACA3051C8BFB5400FF72CE /* Paint.xcdatamodel */,
			);
			currentVersion = 65ACA3051C8BFB5400FF72CE /* Paint.xcdatamodel */;
			path = Paint.xcdatamodeld;
			sourceTree = "<group>";
			versionGroupType = wrapper.xcdatamodel;
		};
/* End XCVersionGroup section */
	};
	rootObject = 65ACA2F21C8BFB5400FF72CE /* Project object */;
}
